
Microsoft Visual Studio Solution File, Format Version 12.00
# Visual Studio 15
VisualStudioVersion = 15.0.28307.168
MinimumVisualStudioVersion = 10.0.40219.1
Project("{FAE04EC0-301F-11D3-BF4B-00C04F79EFBC}") = "Car Identity", "Car Identity\Car Identity.csproj", "{28D2BCFA-E4F4-43B4-BAB1-0D6CC812C6EB}"
EndProject
Global
	GlobalSection(SolutionConfigurationPlatforms) = preSolution
		Debug|Any CPU = Debug|Any CPU
		Release|Any CPU = Release|Any CPU
	EndGlobalSection
	GlobalSection(ProjectConfigurationPlatforms) = postSolution
		{28D2BCFA-E4F4-43B4-BAB1-0D6CC812C6EB}.Debug|Any CPU.ActiveCfg = Debug|Any CPU
		{28D2BCFA-E4F4-43B4-BAB1-0D6CC812C6EB}.Debug|Any CPU.Build.0 = Debug|Any CPU
		{28D2BCFA-E4F4-43B4-BAB1-0D6CC812C6EB}.Release|Any CPU.ActiveCfg = Release|Any CPU
		{28D2BCFA-E4F4-43B4-BAB1-0D6CC812C6EB}.Release|Any CPU.Build.0 = Release|Any CPU
	EndGlobalSection
	GlobalSection(SolutionProperties) = preSolution
		HideSolutionNode = FALSE
	EndGlobalSection
	GlobalSection(ExtensibilityGlobals) = postSolution
		SolutionGuid = {4753E85D-00EE-4A01-91B0-33AC29531A2F}
	EndGlobalSection
EndGlobal
